{
  "nodes": {
    "home-manager": {
      "inputs": {
        "nixpkgs": [
          "sysprog-vm",
          "nixpkgs"
        ]
      },
      "locked": {
        "lastModified": 1615753545,
        "narHash": "sha256-FR6vHvQlmQFAA26wNguEGWwav40Xgy9U6vRpT6UneTg=",
        "owner": "nix-community",
        "repo": "home-manager",
        "rev": "07f6c6481e0cbbcaf3447f43e964baf99465c8e1",
        "type": "github"
      },
      "original": {
        "owner": "nix-community",
        "repo": "home-manager",
        "type": "github"
      }
    },
    "nixpkgs": {
      "locked": {
        "lastModified": 1646331602,
        "narHash": "sha256-cRuytTfel52z947yKfJcZU7zbQBgM16qqTf+oJkVwtg=",
        "owner": "NixOS",
        "repo": "nixpkgs",
        "rev": "ad267cc9cf3d5a6ae63940df31eb31382d6356e6",
        "type": "github"
      },
      "original": {
        "owner": "NixOS",
        "ref": "nixpkgs-unstable",
        "repo": "nixpkgs",
        "type": "github"
      }
    },
    "nixpkgs_2": {
      "locked": {
        "lastModified": 1655770856,
        "narHash": "sha256-GZRIyHjuCbOl0UA8ClKmyRxZkCQEh/rsvU0otH037BU=",
        "owner": "NixOS",
        "repo": "nixpkgs",
        "rev": "63198c9ccefdbd337cef0d85db0ea2689f4ce418",
        "type": "github"
      },
      "original": {
        "owner": "NixOS",
        "ref": "nixos-21.11",
        "repo": "nixpkgs",
        "type": "github"
      }
    },
    "root": {
      "inputs": {
        "nixpkgs": "nixpkgs",
        "sysprog-vm": "sysprog-vm"
      }
    },
    "sysprog-vm": {
      "inputs": {
        "home-manager": "home-manager",
        "nixpkgs": "nixpkgs_2"
      },
      "locked": {
        "lastModified": 1646656383,
        "narHash": "sha256-CqUm+cqwnBFHqrWLUlbkLX37Yn91flJsysmXbSv1doQ=",
        "owner": "mschwaig",
        "repo": "sysprog-vm",
        "rev": "f34b81bacf49fcdc82eea7c111214c907054dfd7",
        "type": "github"
      },
      "original": {
        "owner": "mschwaig",
        "ref": "st22",
        "repo": "sysprog-vm",
        "type": "github"
      }
    }
  },
  "root": "root",
  "version": 7
}
